
Microsoft Visual Studio Solution File, Format Version 12.00
# Visual Studio Version 17
VisualStudioVersion = 17.3.32901.215
MinimumVisualStudioVersion = 10.0.40219.1
Project("{2150E333-8FDC-42A3-9474-1A3956D46DE8}") = "Solution Items", "Solution Items", "{B4FF06EA-45F9-4D56-9ED8-5EC6335F617E}"
	ProjectSection(SolutionItems) = preProject
		.editorconfig = .editorconfig
		.props = .props
		.targets = .targets
		bitbucket-pipelines.yml = bitbucket-pipelines.yml
		ReadMe.md = ReadMe.md
		DarkRift.Schemas\Server.config.xsd = DarkRift.Schemas\Server.config.xsd
	EndProjectSection
EndProject
Project("{9A19103F-16F7-4668-BE54-9A1E7A4F7556}") = "DarkRift.Client", "DarkRift.Client\DarkRift.Client.csproj", "{44FBEEB9-2D0D-4025-9E43-BE436983C335}"
EndProject
Project("{9A19103F-16F7-4668-BE54-9A1E7A4F7556}") = "DarkRift", "DarkRift\DarkRift.csproj", "{1324A37A-AC08-44CF-85DE-E9A05876E1EC}"
EndProject
Project("{9A19103F-16F7-4668-BE54-9A1E7A4F7556}") = "DarkRift.Server", "DarkRift.Server\DarkRift.Server.csproj", "{922AA4BA-B14E-40B7-96C5-980E21BA03CF}"
EndProject
Project("{9A19103F-16F7-4668-BE54-9A1E7A4F7556}") = "DarkRift.Server.Console", "DarkRift.Server.Console\DarkRift.Server.Console.csproj", "{138B0F99-4B3D-48C5-95B6-19AFB72331C6}"
EndProject
Project("{9A19103F-16F7-4668-BE54-9A1E7A4F7556}") = "DarkRift.Testing", "DarkRift.Testing\DarkRift.Testing.csproj", "{BCC508DD-AF2D-413C-B79F-00F4323528B5}"
EndProject
Project("{9A19103F-16F7-4668-BE54-9A1E7A4F7556}") = "DarkRift.Server.Testing", "DarkRift.Server.Testing\DarkRift.Server.Testing.csproj", "{81DEEF02-0CBB-45D7-B734-3D7152B5B37F}"
EndProject
Project("{2150E333-8FDC-42A3-9474-1A3956D46DE8}") = "DarkRift.Schemas", "DarkRift.Schemas", "{7A08EBFF-18F5-45C2-A7AF-FC859D4208D0}"
	ProjectSection(SolutionItems) = preProject
		DarkRift.Schemas\Cluster.config.xsd = DarkRift.Schemas\Cluster.config.xsd
		DarkRift.Schemas\Server.config.xsd = DarkRift.Schemas\Server.config.xsd
	EndProjectSection
EndProject
Project("{9A19103F-16F7-4668-BE54-9A1E7A4F7556}") = "DarkRift.SystemTesting", "DarkRift.SystemTesting\DarkRift.SystemTesting.csproj", "{832116B6-841F-44F0-BCA7-0905055D3E79}"
EndProject
Project("{2150E333-8FDC-42A3-9474-1A3956D46DE8}") = "scripts", "scripts", "{B25EA3A4-5663-409B-B817-82DD8E043E13}"
	ProjectSection(SolutionItems) = preProject
		scripts\get_version.py = scripts\get_version.py
		scripts\post_release.sh = scripts\post_release.sh
		scripts\release.sh = scripts\release.sh
		scripts\update_props.py = scripts\update_props.py
	EndProjectSection
EndProject
Global
	GlobalSection(SolutionConfigurationPlatforms) = preSolution
		Debug|Any CPU = Debug|Any CPU
		Release|Any CPU = Release|Any CPU
	EndGlobalSection
	GlobalSection(ProjectConfigurationPlatforms) = postSolution
		{44FBEEB9-2D0D-4025-9E43-BE436983C335}.Debug|Any CPU.ActiveCfg = Debug|Any CPU
		{44FBEEB9-2D0D-4025-9E43-BE436983C335}.Debug|Any CPU.Build.0 = Debug|Any CPU
		{44FBEEB9-2D0D-4025-9E43-BE436983C335}.Debug|Any CPU.Deploy.0 = Debug|Any CPU
		{44FBEEB9-2D0D-4025-9E43-BE436983C335}.Release|Any CPU.ActiveCfg = Release|Any CPU
		{44FBEEB9-2D0D-4025-9E43-BE436983C335}.Release|Any CPU.Build.0 = Release|Any CPU
		{1324A37A-AC08-44CF-85DE-E9A05876E1EC}.Debug|Any CPU.ActiveCfg = Debug|Any CPU
		{1324A37A-AC08-44CF-85DE-E9A05876E1EC}.Debug|Any CPU.Build.0 = Debug|Any CPU
		{1324A37A-AC08-44CF-85DE-E9A05876E1EC}.Debug|Any CPU.Deploy.0 = Debug|Any CPU
		{1324A37A-AC08-44CF-85DE-E9A05876E1EC}.Release|Any CPU.ActiveCfg = Release|Any CPU
		{1324A37A-AC08-44CF-85DE-E9A05876E1EC}.Release|Any CPU.Build.0 = Release|Any CPU
		{922AA4BA-B14E-40B7-96C5-980E21BA03CF}.Debug|Any CPU.ActiveCfg = Debug|Any CPU
		{922AA4BA-B14E-40B7-96C5-980E21BA03CF}.Debug|Any CPU.Build.0 = Debug|Any CPU
		{922AA4BA-B14E-40B7-96C5-980E21BA03CF}.Release|Any CPU.ActiveCfg = Release|Any CPU
		{922AA4BA-B14E-40B7-96C5-980E21BA03CF}.Release|Any CPU.Build.0 = Release|Any CPU
		{138B0F99-4B3D-48C5-95B6-19AFB72331C6}.Debug|Any CPU.ActiveCfg = Debug|Any CPU
		{138B0F99-4B3D-48C5-95B6-19AFB72331C6}.Debug|Any CPU.Build.0 = Debug|Any CPU
		{138B0F99-4B3D-48C5-95B6-19AFB72331C6}.Release|Any CPU.ActiveCfg = Release|Any CPU
		{138B0F99-4B3D-48C5-95B6-19AFB72331C6}.Release|Any CPU.Build.0 = Release|Any CPU
		{BCC508DD-AF2D-413C-B79F-00F4323528B5}.Debug|Any CPU.ActiveCfg = Debug|Any CPU
		{BCC508DD-AF2D-413C-B79F-00F4323528B5}.Debug|Any CPU.Build.0 = Debug|Any CPU
		{BCC508DD-AF2D-413C-B79F-00F4323528B5}.Release|Any CPU.ActiveCfg = Release|Any CPU
		{BCC508DD-AF2D-413C-B79F-00F4323528B5}.Release|Any CPU.Build.0 = Release|Any CPU
		{81DEEF02-0CBB-45D7-B734-3D7152B5B37F}.Debug|Any CPU.ActiveCfg = Debug|Any CPU
		{81DEEF02-0CBB-45D7-B734-3D7152B5B37F}.Debug|Any CPU.Build.0 = Debug|Any CPU
		{81DEEF02-0CBB-45D7-B734-3D7152B5B37F}.Release|Any CPU.ActiveCfg = Release|Any CPU
		{81DEEF02-0CBB-45D7-B734-3D7152B5B37F}.Release|Any CPU.Build.0 = Release|Any CPU
		{832116B6-841F-44F0-BCA7-0905055D3E79}.Debug|Any CPU.ActiveCfg = Debug|Any CPU
		{832116B6-841F-44F0-BCA7-0905055D3E79}.Debug|Any CPU.Build.0 = Debug|Any CPU
		{832116B6-841F-44F0-BCA7-0905055D3E79}.Release|Any CPU.ActiveCfg = Release|Any CPU
		{832116B6-841F-44F0-BCA7-0905055D3E79}.Release|Any CPU.Build.0 = Release|Any CPU
	EndGlobalSection
	GlobalSection(SolutionProperties) = preSolution
		HideSolutionNode = FALSE
	EndGlobalSection
	GlobalSection(NestedProjects) = preSolution
		{7A08EBFF-18F5-45C2-A7AF-FC859D4208D0} = {B4FF06EA-45F9-4D56-9ED8-5EC6335F617E}
		{B25EA3A4-5663-409B-B817-82DD8E043E13} = {B4FF06EA-45F9-4D56-9ED8-5EC6335F617E}
	EndGlobalSection
	GlobalSection(ExtensibilityGlobals) = postSolution
		SolutionGuid = {D5304029-AEE2-4FC9-AB6C-0DF439687502}
	EndGlobalSection
	GlobalSection(MonoDevelopProperties) = preSolution
		outputpath = ../unordinal/dr-build
		intermediateoutputpath = ../unordinal/dr-build
	EndGlobalSection
EndGlobal
